<?xml version="1.0" encoding="utf-8"?>
<Project ToolsVersion="4.0" xmlns="http://schemas.microsoft.com/developer/msbuild/2003">
  <ItemGroup>
    <Filter Include="Fichiers de ressources">
      <UniqueIdentifier>{67DA6AB6-F800-4c08-8B7A-83BB121AAD01}</UniqueIdentifier>
      <Extensions>rc;ico;cur;bmp;dlg;rc2;rct;bin;rgs;gif;jpg;jpeg;jpe;resx;tiff;tif;png;wav;mfcribbon-ms</Extensions>
    </Filter>
    <Filter Include="local">
      <UniqueIdentifier>{93995380-89BD-4b04-88EB-625FBE52EBFB}</UniqueIdentifier>
      <Extensions>h;hh;hpp;hxx;h++;hm;inl;inc;ipp;xsd</Extensions>
    </Filter>
    <Filter Include="include">
      <UniqueIdentifier>{4FC737F1-C7A5-4376-A066-2A32D752A2FF}</UniqueIdentifier>
      <Extensions>cpp;c;cc;cxx;c++;cppm;ixx;def;odl;idl;hpj;bat;asm;asmx</Extensions>
    </Filter>
    <Filter Include="src">
      <UniqueIdentifier>{39ad267a-81d6-43bd-9e47-a34ec9c2d823}</UniqueIdentifier>
    </Filter>
  </ItemGroup>
  <ItemGroup>
    <ClCompile Include="dllmain.cpp">
      <Filter>local</Filter>
    </ClCompile>
    <ClCompile Include="pch.cpp">
      <Filter>local</Filter>
    </ClCompile>
    <ClCompile Include="RetroCode-Core.cpp">
      <Filter>local</Filter>
    </ClCompile>
    <ClCompile Include="..\..\src\RetroCode\Core\Clock.cpp">
      <Filter>src</Filter>
    </ClCompile>
    <ClCompile Include="..\..\src\RetroCode\Core\Random.cpp">
      <Filter>src</Filter>
    </ClCompile>
    <ClCompile Include="..\..\src\RetroCode\Core\Timer.cpp">
      <Filter>src</Filter>
    </ClCompile>
    <ClCompile Include="..\..\src\RetroCode\Core\StopWatch.cpp">
      <Filter>src</Filter>
    </ClCompile>
    <ClCompile Include="..\..\src\RetroCode\Core\PrefPath.cpp">
      <Filter>src</Filter>
    </ClCompile>
  </ItemGroup>
  <ItemGroup>
    <None Include="res\RetroCode-Core.rc2">
      <Filter>Fichiers de ressources</Filter>
    </None>
    <None Include="RetroCode-Core.def">
      <Filter>local</Filter>
    </None>
  </ItemGroup>
  <ItemGroup>
    <ClInclude Include="framework.h">
      <Filter>local</Filter>
    </ClInclude>
    <ClInclude Include="targetver.h">
      <Filter>local</Filter>
    </ClInclude>
    <ClInclude Include="Resource.h">
      <Filter>local</Filter>
    </ClInclude>
    <ClInclude Include="pch.h">
      <Filter>local</Filter>
    </ClInclude>
    <ClInclude Include="..\..\include\RetroCode\Core\Circular.h">
      <Filter>include</Filter>
    </ClInclude>
    <ClInclude Include="..\..\include\RetroCode\Core\Clock.h">
      <Filter>include</Filter>
    </ClInclude>
    <ClInclude Include="..\..\include\RetroCode\Core\Queue.h">
      <Filter>include</Filter>
    </ClInclude>
    <ClInclude Include="..\..\include\RetroCode\Core\Random.h">
      <Filter>include</Filter>
    </ClInclude>
    <ClInclude Include="..\..\include\RetroCode\Core\Stack.h">
      <Filter>include</Filter>
    </ClInclude>
    <ClInclude Include="..\..\include\RetroCode\Core\StaticArray.h">
      <Filter>include</Filter>
    </ClInclude>
    <ClInclude Include="..\..\include\RetroCode\Core\StopWatch.h">
      <Filter>include</Filter>
    </ClInclude>
    <ClInclude Include="..\..\include\RetroCode\Core\Timer.h">
      <Filter>include</Filter>
    </ClInclude>
    <ClInclude Include="..\..\include\RetroCode\Core\PrefPath.h">
      <Filter>include</Filter>
    </ClInclude>
  </ItemGroup>
  <ItemGroup>
    <ResourceCompile Include="RetroCode-Core.rc">
      <Filter>Fichiers de ressources</Filter>
    </ResourceCompile>
  </ItemGroup>
</Project>