
Microsoft Visual Studio Solution File, Format Version 12.00
# Visual Studio Version 17
VisualStudioVersion = 17.13.35818.85
MinimumVisualStudioVersion = 10.0.40219.1
Project("{8BC9CEB8-8B4A-11D0-8D11-00A0C91BC942}") = "RetroCode-Math", "RetroCode-Math\RetroCode-Math.vcxproj", "{0315C405-9ED9-EC68-DC54-9FCD45FF2C27}"
EndProject
Project("{2150E333-8FDC-42A3-9474-1A3956D46DE8}") = "RetroCode", "RetroCode", "{02EA681E-C7D8-13C7-8484-4AC65E1B71E8}"
EndProject
Project("{2150E333-8FDC-42A3-9474-1A3956D46DE8}") = "Tests", "Tests", "{02FB89E6-21ED-4E3A-8E5C-1CA567C728F1}"
EndProject
Project("{8BC9CEB8-8B4A-11D0-8D11-00A0C91BC942}") = "RetroCode-Memory", "RetroCode-Memory\RetroCode-Memory.vcxproj", "{95AD5D1F-FE07-A28E-2899-C20EA671801C}"
EndProject
Project("{8BC9CEB8-8B4A-11D0-8D11-00A0C91BC942}") = "RetroCode-Multimedia", "RetroCode-Multimedia\RetroCode-Multimedia.vcxproj", "{9A3A22EA-646C-5732-4CEE-98DDBAD683B1}"
EndProject
Project("{8BC9CEB8-8B4A-11D0-8D11-00A0C91BC942}") = "RetroCode-Multimedia.Test", "RetroCode-Multimedia.Test\RetroCode-Multimedia.Test.vcxproj", "{BFDFB766-0DAB-17AE-8C64-D9F4B9894150}"
EndProject
Project("{8BC9CEB8-8B4A-11D0-8D11-00A0C91BC942}") = "RetroCode-Math.Test", "RetroCode-Math.Test\RetroCode-Math.Test.vcxproj", "{1234CCA2-D856-0E4B-901B-F8F0C0087205}"
EndProject
Project("{8BC9CEB8-8B4A-11D0-8D11-00A0C91BC942}") = "RetroCode-Collection", "RetroCode-Collection\RetroCode-Collection.vcxproj", "{601FF08B-0757-CC77-D8AA-A17B9AAA8D14}"
EndProject
Project("{8BC9CEB8-8B4A-11D0-8D11-00A0C91BC942}") = "RetroCode-Collection.Test", "RetroCode-Collection.Test\RetroCode-Collection.Test.vcxproj", "{5AD6BA74-3A58-66E3-5E3C-B4714044F23B}"
EndProject
Project("{8BC9CEB8-8B4A-11D0-8D11-00A0C91BC942}") = "RetroCode-Image", "RetroCode-Image\RetroCode-Image.vcxproj", "{D9B803C8-B4C9-7CD6-621A-95A697C04273}"
EndProject
Project("{8BC9CEB8-8B4A-11D0-8D11-00A0C91BC942}") = "RetroCode-Image.Test", "RetroCode-Image.Test\RetroCode-Image.Test.vcxproj", "{24E77033-4847-7C09-62A0-CD5F18B0F713}"
EndProject
Global
	GlobalSection(SolutionConfigurationPlatforms) = preSolution
		Debug|x64 = Debug|x64
		Debug|x86 = Debug|x86
		Release|x64 = Release|x64
		Release|x86 = Release|x86
	EndGlobalSection
	GlobalSection(ProjectConfigurationPlatforms) = postSolution
		{0315C405-9ED9-EC68-DC54-9FCD45FF2C27}.Debug|x64.ActiveCfg = Debug|x64
		{0315C405-9ED9-EC68-DC54-9FCD45FF2C27}.Debug|x64.Build.0 = Debug|x64
		{0315C405-9ED9-EC68-DC54-9FCD45FF2C27}.Debug|x86.ActiveCfg = Debug|Win32
		{0315C405-9ED9-EC68-DC54-9FCD45FF2C27}.Debug|x86.Build.0 = Debug|Win32
		{0315C405-9ED9-EC68-DC54-9FCD45FF2C27}.Release|x64.ActiveCfg = Release|x64
		{0315C405-9ED9-EC68-DC54-9FCD45FF2C27}.Release|x64.Build.0 = Release|x64
		{0315C405-9ED9-EC68-DC54-9FCD45FF2C27}.Release|x86.ActiveCfg = Release|Win32
		{0315C405-9ED9-EC68-DC54-9FCD45FF2C27}.Release|x86.Build.0 = Release|Win32
		{95AD5D1F-FE07-A28E-2899-C20EA671801C}.Debug|x64.ActiveCfg = Debug|x64
		{95AD5D1F-FE07-A28E-2899-C20EA671801C}.Debug|x64.Build.0 = Debug|x64
		{95AD5D1F-FE07-A28E-2899-C20EA671801C}.Debug|x86.ActiveCfg = Debug|Win32
		{95AD5D1F-FE07-A28E-2899-C20EA671801C}.Debug|x86.Build.0 = Debug|Win32
		{95AD5D1F-FE07-A28E-2899-C20EA671801C}.Release|x64.ActiveCfg = Release|x64
		{95AD5D1F-FE07-A28E-2899-C20EA671801C}.Release|x64.Build.0 = Release|x64
		{95AD5D1F-FE07-A28E-2899-C20EA671801C}.Release|x86.ActiveCfg = Release|Win32
		{95AD5D1F-FE07-A28E-2899-C20EA671801C}.Release|x86.Build.0 = Release|Win32
		{9A3A22EA-646C-5732-4CEE-98DDBAD683B1}.Debug|x64.ActiveCfg = Debug|x64
		{9A3A22EA-646C-5732-4CEE-98DDBAD683B1}.Debug|x64.Build.0 = Debug|x64
		{9A3A22EA-646C-5732-4CEE-98DDBAD683B1}.Debug|x86.ActiveCfg = Debug|Win32
		{9A3A22EA-646C-5732-4CEE-98DDBAD683B1}.Debug|x86.Build.0 = Debug|Win32
		{9A3A22EA-646C-5732-4CEE-98DDBAD683B1}.Release|x64.ActiveCfg = Release|x64
		{9A3A22EA-646C-5732-4CEE-98DDBAD683B1}.Release|x64.Build.0 = Release|x64
		{9A3A22EA-646C-5732-4CEE-98DDBAD683B1}.Release|x86.ActiveCfg = Release|Win32
		{9A3A22EA-646C-5732-4CEE-98DDBAD683B1}.Release|x86.Build.0 = Release|Win32
		{BFDFB766-0DAB-17AE-8C64-D9F4B9894150}.Debug|x64.ActiveCfg = Debug|x64
		{BFDFB766-0DAB-17AE-8C64-D9F4B9894150}.Debug|x64.Build.0 = Debug|x64
		{BFDFB766-0DAB-17AE-8C64-D9F4B9894150}.Debug|x86.ActiveCfg = Debug|Win32
		{BFDFB766-0DAB-17AE-8C64-D9F4B9894150}.Debug|x86.Build.0 = Debug|Win32
		{BFDFB766-0DAB-17AE-8C64-D9F4B9894150}.Release|x64.ActiveCfg = Release|x64
		{BFDFB766-0DAB-17AE-8C64-D9F4B9894150}.Release|x64.Build.0 = Release|x64
		{BFDFB766-0DAB-17AE-8C64-D9F4B9894150}.Release|x86.ActiveCfg = Release|Win32
		{BFDFB766-0DAB-17AE-8C64-D9F4B9894150}.Release|x86.Build.0 = Release|Win32
		{1234CCA2-D856-0E4B-901B-F8F0C0087205}.Debug|x64.ActiveCfg = Debug|x64
		{1234CCA2-D856-0E4B-901B-F8F0C0087205}.Debug|x64.Build.0 = Debug|x64
		{1234CCA2-D856-0E4B-901B-F8F0C0087205}.Debug|x86.ActiveCfg = Debug|Win32
		{1234CCA2-D856-0E4B-901B-F8F0C0087205}.Debug|x86.Build.0 = Debug|Win32
		{1234CCA2-D856-0E4B-901B-F8F0C0087205}.Release|x64.ActiveCfg = Release|x64
		{1234CCA2-D856-0E4B-901B-F8F0C0087205}.Release|x64.Build.0 = Release|x64
		{1234CCA2-D856-0E4B-901B-F8F0C0087205}.Release|x86.ActiveCfg = Release|Win32
		{1234CCA2-D856-0E4B-901B-F8F0C0087205}.Release|x86.Build.0 = Release|Win32
		{601FF08B-0757-CC77-D8AA-A17B9AAA8D14}.Debug|x64.ActiveCfg = Debug|x64
		{601FF08B-0757-CC77-D8AA-A17B9AAA8D14}.Debug|x64.Build.0 = Debug|x64
		{601FF08B-0757-CC77-D8AA-A17B9AAA8D14}.Debug|x86.ActiveCfg = Debug|Win32
		{601FF08B-0757-CC77-D8AA-A17B9AAA8D14}.Debug|x86.Build.0 = Debug|Win32
		{601FF08B-0757-CC77-D8AA-A17B9AAA8D14}.Release|x64.ActiveCfg = Release|x64
		{601FF08B-0757-CC77-D8AA-A17B9AAA8D14}.Release|x64.Build.0 = Release|x64
		{601FF08B-0757-CC77-D8AA-A17B9AAA8D14}.Release|x86.ActiveCfg = Release|Win32
		{601FF08B-0757-CC77-D8AA-A17B9AAA8D14}.Release|x86.Build.0 = Release|Win32
		{5AD6BA74-3A58-66E3-5E3C-B4714044F23B}.Debug|x64.ActiveCfg = Debug|x64
		{5AD6BA74-3A58-66E3-5E3C-B4714044F23B}.Debug|x64.Build.0 = Debug|x64
		{5AD6BA74-3A58-66E3-5E3C-B4714044F23B}.Debug|x86.ActiveCfg = Debug|Win32
		{5AD6BA74-3A58-66E3-5E3C-B4714044F23B}.Debug|x86.Build.0 = Debug|Win32
		{5AD6BA74-3A58-66E3-5E3C-B4714044F23B}.Release|x64.ActiveCfg = Release|x64
		{5AD6BA74-3A58-66E3-5E3C-B4714044F23B}.Release|x64.Build.0 = Release|x64
		{5AD6BA74-3A58-66E3-5E3C-B4714044F23B}.Release|x86.ActiveCfg = Release|Win32
		{5AD6BA74-3A58-66E3-5E3C-B4714044F23B}.Release|x86.Build.0 = Release|Win32
		{D9B803C8-B4C9-7CD6-621A-95A697C04273}.Debug|x64.ActiveCfg = Debug|x64
		{D9B803C8-B4C9-7CD6-621A-95A697C04273}.Debug|x64.Build.0 = Debug|x64
		{D9B803C8-B4C9-7CD6-621A-95A697C04273}.Debug|x86.ActiveCfg = Debug|Win32
		{D9B803C8-B4C9-7CD6-621A-95A697C04273}.Debug|x86.Build.0 = Debug|Win32
		{D9B803C8-B4C9-7CD6-621A-95A697C04273}.Release|x64.ActiveCfg = Release|x64
		{D9B803C8-B4C9-7CD6-621A-95A697C04273}.Release|x64.Build.0 = Release|x64
		{D9B803C8-B4C9-7CD6-621A-95A697C04273}.Release|x86.ActiveCfg = Release|Win32
		{D9B803C8-B4C9-7CD6-621A-95A697C04273}.Release|x86.Build.0 = Release|Win32
		{24E77033-4847-7C09-62A0-CD5F18B0F713}.Debug|x64.ActiveCfg = Debug|x64
		{24E77033-4847-7C09-62A0-CD5F18B0F713}.Debug|x64.Build.0 = Debug|x64
		{24E77033-4847-7C09-62A0-CD5F18B0F713}.Debug|x86.ActiveCfg = Debug|Win32
		{24E77033-4847-7C09-62A0-CD5F18B0F713}.Debug|x86.Build.0 = Debug|Win32
		{24E77033-4847-7C09-62A0-CD5F18B0F713}.Release|x64.ActiveCfg = Release|x64
		{24E77033-4847-7C09-62A0-CD5F18B0F713}.Release|x64.Build.0 = Release|x64
		{24E77033-4847-7C09-62A0-CD5F18B0F713}.Release|x86.ActiveCfg = Release|Win32
		{24E77033-4847-7C09-62A0-CD5F18B0F713}.Release|x86.Build.0 = Release|Win32
	EndGlobalSection
	GlobalSection(SolutionProperties) = preSolution
		HideSolutionNode = FALSE
	EndGlobalSection
	GlobalSection(NestedProjects) = preSolution
		{0315C405-9ED9-EC68-DC54-9FCD45FF2C27} = {02EA681E-C7D8-13C7-8484-4AC65E1B71E8}
		{95AD5D1F-FE07-A28E-2899-C20EA671801C} = {02EA681E-C7D8-13C7-8484-4AC65E1B71E8}
		{9A3A22EA-646C-5732-4CEE-98DDBAD683B1} = {02EA681E-C7D8-13C7-8484-4AC65E1B71E8}
		{BFDFB766-0DAB-17AE-8C64-D9F4B9894150} = {02FB89E6-21ED-4E3A-8E5C-1CA567C728F1}
		{1234CCA2-D856-0E4B-901B-F8F0C0087205} = {02FB89E6-21ED-4E3A-8E5C-1CA567C728F1}
		{601FF08B-0757-CC77-D8AA-A17B9AAA8D14} = {02EA681E-C7D8-13C7-8484-4AC65E1B71E8}
		{5AD6BA74-3A58-66E3-5E3C-B4714044F23B} = {02FB89E6-21ED-4E3A-8E5C-1CA567C728F1}
		{D9B803C8-B4C9-7CD6-621A-95A697C04273} = {02EA681E-C7D8-13C7-8484-4AC65E1B71E8}
		{24E77033-4847-7C09-62A0-CD5F18B0F713} = {02FB89E6-21ED-4E3A-8E5C-1CA567C728F1}
	EndGlobalSection
	GlobalSection(ExtensibilityGlobals) = postSolution
		SolutionGuid = {08140188-1456-41E4-A241-D971DE9F4391}
	EndGlobalSection
EndGlobal
