<?xml version="1.0" encoding="utf-8"?>
<Project ToolsVersion="4.0" xmlns="http://schemas.microsoft.com/developer/msbuild/2003">
  <ItemGroup>
    <Filter Include="Fichiers de ressources">
      <UniqueIdentifier>{67DA6AB6-F800-4c08-8B7A-83BB121AAD01}</UniqueIdentifier>
      <Extensions>rc;ico;cur;bmp;dlg;rc2;rct;bin;rgs;gif;jpg;jpeg;jpe;resx;tiff;tif;png;wav;mfcribbon-ms</Extensions>
    </Filter>
    <Filter Include="include">
      <UniqueIdentifier>{93995380-89BD-4b04-88EB-625FBE52EBFB}</UniqueIdentifier>
      <Extensions>h;hh;hpp;hxx;h++;hm;inl;inc;ipp;xsd</Extensions>
    </Filter>
    <Filter Include="include\RetroCode">
      <UniqueIdentifier>{dc9cebbb-7b8d-434a-9b9f-5d2cfe22a38c}</UniqueIdentifier>
    </Filter>
    <Filter Include="src">
      <UniqueIdentifier>{c9032241-8011-4506-91d0-b03ab8341df5}</UniqueIdentifier>
    </Filter>
  </ItemGroup>
  <ItemGroup>
    <ClInclude Include="..\..\include\RetroCode.h">
      <Filter>include</Filter>
    </ClInclude>
    <ClInclude Include="..\..\include\RetroCode\String.h">
      <Filter>include\RetroCode</Filter>
    </ClInclude>
    <ClInclude Include="..\..\include\RetroCode\Config.h">
      <Filter>include\RetroCode</Filter>
    </ClInclude>
    <ClInclude Include="..\..\include\RetroCode\Types.h">
      <Filter>include\RetroCode</Filter>
    </ClInclude>
    <ClInclude Include="..\..\include\RetroCode\Includes.h">
      <Filter>include\RetroCode</Filter>
    </ClInclude>
    <ClInclude Include="..\..\include\RetroCode\Duration.h">
      <Filter>include\RetroCode</Filter>
    </ClInclude>
    <ClInclude Include="..\..\include\RetroCode\DateTime.h">
      <Filter>include\RetroCode</Filter>
    </ClInclude>
    <ClInclude Include="..\..\include\RetroCode\Clock.h">
      <Filter>include\RetroCode</Filter>
    </ClInclude>
  </ItemGroup>
  <ItemGroup>
    <ClCompile Include="..\..\src\String.cpp">
      <Filter>src</Filter>
    </ClCompile>
    <ClCompile Include="..\..\src\Duration.cpp">
      <Filter>src</Filter>
    </ClCompile>
    <ClCompile Include="..\..\src\DateTime.cpp">
      <Filter>src</Filter>
    </ClCompile>
    <ClCompile Include="..\..\src\Clock.cpp">
      <Filter>src</Filter>
    </ClCompile>
  </ItemGroup>
</Project>